
Microsoft Visual Studio Solution File, Format Version 12.00
# Visual Studio Version 17
VisualStudioVersion = 17.13.35818.85 d17.13
MinimumVisualStudioVersion = 10.0.40219.1
Project("{FAE04EC0-301F-11D3-BF4B-00C04F79EFBC}") = "WinFormsApp4", "WinFormsApp4.csproj", "{183531F1-D1B5-4F18-B24B-1E8DC813B467}"
EndProject
Global
	GlobalSection(SolutionConfigurationPlatforms) = preSolution
		Debug|Any CPU = Debug|Any CPU
		Release|Any CPU = Release|Any CPU
	EndGlobalSection
	GlobalSection(ProjectConfigurationPlatforms) = postSolution
		{183531F1-D1B5-4F18-B24B-1E8DC813B467}.Debug|Any CPU.ActiveCfg = Debug|Any CPU
		{183531F1-D1B5-4F18-B24B-1E8DC813B467}.Debug|Any CPU.Build.0 = Debug|Any CPU
		{183531F1-D1B5-4F18-B24B-1E8DC813B467}.Release|Any CPU.ActiveCfg = Release|Any CPU
		{183531F1-D1B5-4F18-B24B-1E8DC813B467}.Release|Any CPU.Build.0 = Release|Any CPU
	EndGlobalSection
	GlobalSection(SolutionProperties) = preSolution
		HideSolutionNode = FALSE
	EndGlobalSection
	GlobalSection(ExtensibilityGlobals) = postSolution
		SolutionGuid = {46F50058-F5F1-4D34-A5AA-4AA979E4620E}
	EndGlobalSection
EndGlobal
